
Microsoft Visual Studio Solution File, Format Version 12.00
# Visual Studio Version 16
VisualStudioVersion = 16.0.31025.194
MinimumVisualStudioVersion = 10.0.40219.1
Project("{FAE04EC0-301F-11D3-BF4B-00C04F79EFBC}") = "BIMHub_NoDB_31", "BIMHub_NoDB_31\BIMHub_NoDB_31.csproj", "{584CBEAF-DBD4-4DFC-A83F-4FF41472EE13}"
EndProject
Global
	GlobalSection(SolutionConfigurationPlatforms) = preSolution
		Debug|Any CPU = Debug|Any CPU
		Release|Any CPU = Release|Any CPU
	EndGlobalSection
	GlobalSection(ProjectConfigurationPlatforms) = postSolution
		{584CBEAF-DBD4-4DFC-A83F-4FF41472EE13}.Debug|Any CPU.ActiveCfg = Debug|Any CPU
		{584CBEAF-DBD4-4DFC-A83F-4FF41472EE13}.Debug|Any CPU.Build.0 = Debug|Any CPU
		{584CBEAF-DBD4-4DFC-A83F-4FF41472EE13}.Release|Any CPU.ActiveCfg = Release|Any CPU
		{584CBEAF-DBD4-4DFC-A83F-4FF41472EE13}.Release|Any CPU.Build.0 = Release|Any CPU
	EndGlobalSection
	GlobalSection(SolutionProperties) = preSolution
		HideSolutionNode = FALSE
	EndGlobalSection
	GlobalSection(ExtensibilityGlobals) = postSolution
		SolutionGuid = {149D898C-A014-44B6-8147-EE4E64CEF475}
	EndGlobalSection
EndGlobal
